// !$*UTF8*$!
{
	archiveVersion = 1;
	classes = {
	};
	objectVersion = 50;
	objects = {

/* Begin PBXBuildFile section */
		C33A992620D168BA00B5CA88 /* AppDelegate.swift in Sources */ = {isa = PBXBuildFile; fileRef = C33A992520D168BA00B5CA88 /* AppDelegate.swift */; };
		C33A992820D168BA00B5CA88 /* ViewController.swift in Sources */ = {isa = PBXBuildFile; fileRef = C33A992720D168BA00B5CA88 /* ViewController.swift */; };
		C33A992B20D168BA00B5CA88 /* Main.storyboard in Resources */ = {isa = PBXBuildFile; fileRef = C33A992920D168BA00B5CA88 /* Main.storyboard */; };
		C33A992D20D168BE00B5CA88 /* Assets.xcassets in Resources */ = {isa = PBXBuildFile; fileRef = C33A992C20D168BE00B5CA88 /* Assets.xcassets */; };
		C33A993020D168BE00B5CA88 /* LaunchScreen.storyboard in Resources */ = {isa = PBXBuildFile; fileRef = C33A992E20D168BE00B5CA88 /* LaunchScreen.storyboard */; };
		C33A993B20D168BE00B5CA88 /* encuestaTests.swift in Sources */ = {isa = PBXBuildFile; fileRef = C33A993A20D168BE00B5CA88 /* encuestaTests.swift */; };
		C33A994620D168BF00B5CA88 /* encuestaUITests.swift in Sources */ = {isa = PBXBuildFile; fileRef = C33A994520D168BF00B5CA88 /* encuestaUITests.swift */; };
/* End PBXBuildFile section */

/* Begin PBXContainerItemProxy section */
		C33A993720D168BE00B5CA88 /* PBXContainerItemProxy */ = {
			isa = PBXContainerItemProxy;
			containerPortal = C33A991A20D168BA00B5CA88 /* Project object */;
			proxyType = 1;
			remoteGlobalIDString = C33A992120D168BA00B5CA88;
			remoteInfo = encuesta;
		};
		C33A994220D168BF00B5CA88 /* PBXContainerItemProxy */ = {
			isa = PBXContainerItemProxy;
			containerPortal = C33A991A20D168BA00B5CA88 /* Project object */;
			proxyType = 1;
			remoteGlobalIDString = C33A992120D168BA00B5CA88;
			remoteInfo = encuesta;
		};
/* End PBXContainerItemProxy section */

/* Begin PBXFileReference section */
		C33A992220D168BA00B5CA88 /* encuesta.app */ = {isa = PBXFileReference; explicitFileType = wrapper.application; includeInIndex = 0; path = encuesta.app; sourceTree = BUILT_PRODUCTS_DIR; };
		C33A992520D168BA00B5CA88 /* AppDelegate.swift */ = {isa = PBXFileReference; lastKnownFileType = sourcecode.swift; path = AppDelegate.swift; sourceTree = "<group>"; };
		C33A992720D168BA00B5CA88 /* ViewController.swift */ = {isa = PBXFileReference; lastKnownFileType = sourcecode.swift; path = ViewController.swift; sourceTree = "<group>"; };
		C33A992A20D168BA00B5CA88 /* Base */ = {isa = PBXFileReference; lastKnownFileType = file.storyboard; name = Base; path = Base.lproj/Main.storyboard; sourceTree = "<group>"; };
		C33A992C20D168BE00B5CA88 /* Assets.xcassets */ = {isa = PBXFileReference; lastKnownFileType = folder.assetcatalog; path = Assets.xcassets; sourceTree = "<group>"; };
		C33A992F20D168BE00B5CA88 /* Base */ = {isa = PBXFileReference; lastKnownFileType = file.storyboard; name = Base; path = Base.lproj/LaunchScreen.storyboard; sourceTree = "<group>"; };
		C33A993120D168BE00B5CA88 /* Info.plist */ = {isa = PBXFileReference; lastKnownFileType = text.plist.xml; path = Info.plist; sourceTree = "<group>"; };
		C33A993620D168BE00B5CA88 /* encuestaTests.xctest */ = {isa = PBXFileReference; explicitFileType = wrapper.cfbundle; includeInIndex = 0; path = encuestaTests.xctest; sourceTree = BUILT_PRODUCTS_DIR; };
		C33A993A20D168BE00B5CA88 /* encuestaTests.swift */ = {isa = PBXFileReference; lastKnownFileType = sourcecode.swift; path = encuestaTests.swift; sourceTree = "<group>"; };
		C33A993C20D168BF00B5CA88 /* Info.plist */ = {isa = PBXFileReference; lastKnownFileType = text.plist.xml; path = Info.plist; sourceTree = "<group>"; };
		C33A994120D168BF00B5CA88 /* encuestaUITests.xctest */ = {isa = PBXFileReference; explicitFileType = wrapper.cfbundle; includeInIndex = 0; path = encuestaUITests.xctest; sourceTree = BUILT_PRODUCTS_DIR; };
		C33A994520D168BF00B5CA88 /* encuestaUITests.swift */ = {isa = PBXFileReference; lastKnownFileType = sourcecode.swift; path = encuestaUITests.swift; sourceTree = "<group>"; };
		C33A994720D168BF00B5CA88 /* Info.plist */ = {isa = PBXFileReference; lastKnownFileType = text.plist.xml; path = Info.plist; sourceTree = "<group>"; };
/* End PBXFileReference section */

/* Begin PBXFrameworksBuildPhase section */
		C33A991F20D168BA00B5CA88 /* Frameworks */ = {
			isa = PBXFrameworksBuildPhase;
			buildActionMask = 2147483647;
			files = (
			);
			runOnlyForDeploymentPostprocessing = 0;
		};
		C33A993320D168BE00B5CA88 /* Frameworks */ = {
			isa = PBXFrameworksBuildPhase;
			buildActionMask = 2147483647;
			files = (
			);
			runOnlyForDeploymentPostprocessing = 0;
		};
		C33A993E20D168BF00B5CA88 /* Frameworks */ = {
			isa = PBXFrameworksBuildPhase;
			buildActionMask = 2147483647;
			files = (
			);
			runOnlyForDeploymentPostprocessing = 0;
		};
/* End PBXFrameworksBuildPhase section */

/* Begin PBXGroup section */
		C33A991920D168BA00B5CA88 = {
			isa = PBXGroup;
			children = (
				C33A992420D168BA00B5CA88 /* encuesta */,
				C33A993920D168BE00B5CA88 /* encuestaTests */,
				C33A994420D168BF00B5CA88 /* encuestaUITests */,
				C33A992320D168BA00B5CA88 /* Products */,
			);
			sourceTree = "<group>";
		};
		C33A992320D168BA00B5CA88 /* Products */ = {
			isa = PBXGroup;
			children = (
				C33A992220D168BA00B5CA88 /* encuesta.app */,
				C33A993620D168BE00B5CA88 /* encuestaTests.xctest */,
				C33A994120D168BF00B5CA88 /* encuestaUITests.xctest */,
			);
			name = Products;
			sourceTree = "<group>";
		};
		C33A992420D168BA00B5CA88 /* encuesta */ = {
			isa = PBXGroup;
			children = (
				C33A992520D168BA00B5CA88 /* AppDelegate.swift */,
				C33A992720D168BA00B5CA88 /* ViewController.swift */,
				C33A992920D168BA00B5CA88 /* Main.storyboard */,
				C33A992C20D168BE00B5CA88 /* Assets.xcassets */,
				C33A992E20D168BE00B5CA88 /* LaunchScreen.storyboard */,
				C33A993120D168BE00B5CA88 /* Info.plist */,
			);
			path = encuesta;
			sourceTree = "<group>";
		};
		C33A993920D168BE00B5CA88 /* encuestaTests */ = {
			isa = PBXGroup;
			children = (
				C33A993A20D168BE00B5CA88 /* encuestaTests.swift */,
				C33A993C20D168BF00B5CA88 /* Info.plist */,
			);
			path = encuestaTests;
			sourceTree = "<group>";
		};
		C33A994420D168BF00B5CA88 /* encuestaUITests */ = {
			isa = PBXGroup;
			children = (
				C33A994520D168BF00B5CA88 /* encuestaUITests.swift */,
				C33A994720D168BF00B5CA88 /* Info.plist */,
			);
			path = encuestaUITests;
			sourceTree = "<group>";
		};
/* End PBXGroup section */

/* Begin PBXNativeTarget section */
		C33A992120D168BA00B5CA88 /* encuesta */ = {
			isa = PBXNativeTarget;
			buildConfigurationList = C33A994A20D168BF00B5CA88 /* Build configuration list for PBXNativeTarget "encuesta" */;
			buildPhases = (
				C33A991E20D168BA00B5CA88 /* Sources */,
				C33A991F20D168BA00B5CA88 /* Frameworks */,
				C33A992020D168BA00B5CA88 /* Resources */,
			);
			buildRules = (
			);
			dependencies = (
			);
			name = encuesta;
			productName = encuesta;
			productReference = C33A992220D168BA00B5CA88 /* encuesta.app */;
			productType = "com.apple.product-type.application";
		};
		C33A993520D168BE00B5CA88 /* encuestaTests */ = {
			isa = PBXNativeTarget;
			buildConfigurationList = C33A994D20D168BF00B5CA88 /* Build configuration list for PBXNativeTarget "encuestaTests" */;
			buildPhases = (
				C33A993220D168BE00B5CA88 /* Sources */,
				C33A993320D168BE00B5CA88 /* Frameworks */,
				C33A993420D168BE00B5CA88 /* Resources */,
			);
			buildRules = (
			);
			dependencies = (
				C33A993820D168BE00B5CA88 /* PBXTargetDependency */,
			);
			name = encuestaTests;
			productName = encuestaTests;
			productReference = C33A993620D168BE00B5CA88 /* encuestaTests.xctest */;
			productType = "com.apple.product-type.bundle.unit-test";
		};
		C33A994020D168BF00B5CA88 /* encuestaUITests */ = {
			isa = PBXNativeTarget;
			buildConfigurationList = C33A995020D168BF00B5CA88 /* Build configuration list for PBXNativeTarget "encuestaUITests" */;
			buildPhases = (
				C33A993D20D168BF00B5CA88 /* Sources */,
				C33A993E20D168BF00B5CA88 /* Frameworks */,
				C33A993F20D168BF00B5CA88 /* Resources */,
			);
			buildRules = (
			);
			dependencies = (
				C33A994320D168BF00B5CA88 /* PBXTargetDependency */,
			);
			name = encuestaUITests;
			productName = encuestaUITests;
			productReference = C33A994120D168BF00B5CA88 /* encuestaUITests.xctest */;
			productType = "com.apple.product-type.bundle.ui-testing";
		};
/* End PBXNativeTarget section */

/* Begin PBXProject section */
		C33A991A20D168BA00B5CA88 /* Project object */ = {
			isa = PBXProject;
			attributes = {
				LastSwiftUpdateCheck = 0940;
				LastUpgradeCheck = 0940;
				ORGANIZATIONNAME = "Arturo Sanhueza";
				TargetAttributes = {
					C33A992120D168BA00B5CA88 = {
						CreatedOnToolsVersion = 9.4;
					};
					C33A993520D168BE00B5CA88 = {
						CreatedOnToolsVersion = 9.4;
						TestTargetID = C33A992120D168BA00B5CA88;
					};
					C33A994020D168BF00B5CA88 = {
						CreatedOnToolsVersion = 9.4;
						TestTargetID = C33A992120D168BA00B5CA88;
					};
				};
			};
			buildConfigurationList = C33A991D20D168BA00B5CA88 /* Build configuration list for PBXProject "encuesta" */;
			compatibilityVersion = "Xcode 9.3";
			developmentRegion = en;
			hasScannedForEncodings = 0;
			knownRegions = (
				en,
				Base,
			);
			mainGroup = C33A991920D168BA00B5CA88;
			productRefGroup = C33A992320D168BA00B5CA88 /* Products */;
			projectDirPath = "";
			projectRoot = "";
			targets = (
				C33A992120D168BA00B5CA88 /* encuesta */,
				C33A993520D168BE00B5CA88 /* encuestaTests */,
				C33A994020D168BF00B5CA88 /* encuestaUITests */,
			);
		};
/* End PBXProject section */

/* Begin PBXResourcesBuildPhase section */
		C33A992020D168BA00B5CA88 /* Resources */ = {
			isa = PBXResourcesBuildPhase;
			buildActionMask = 2147483647;
			files = (
				C33A993020D168BE00B5CA88 /* LaunchScreen.storyboard in Resources */,
				C33A992D20D168BE00B5CA88 /* Assets.xcassets in Resources */,
				C33A992B20D168BA00B5CA88 /* Main.storyboard in Resources */,
			);
			runOnlyForDeploymentPostprocessing = 0;
		};
		C33A993420D168BE00B5CA88 /* Resources */ = {
			isa = PBXResourcesBuildPhase;
			buildActionMask = 2147483647;
			files = (
			);
			runOnlyForDeploymentPostprocessing = 0;
		};
		C33A993F20D168BF00B5CA88 /* Resources */ = {
			isa = PBXResourcesBuildPhase;
			buildActionMask = 2147483647;
			files = (
			);
			runOnlyForDeploymentPostprocessing = 0;
		};
/* End PBXResourcesBuildPhase section */

/* Begin PBXSourcesBuildPhase section */
		C33A991E20D168BA00B5CA88 /* Sources */ = {
			isa = PBXSourcesBuildPhase;
			buildActionMask = 2147483647;
			files = (
				C33A992820D168BA00B5CA88 /* ViewController.swift in Sources */,
				C33A992620D168BA00B5CA88 /* AppDelegate.swift in Sources */,
			);
			runOnlyForDeploymentPostprocessing = 0;
		};
		C33A993220D168BE00B5CA88 /* Sources */ = {
			isa = PBXSourcesBuildPhase;
			buildActionMask = 2147483647;
			files = (
				C33A993B20D168BE00B5CA88 /* encuestaTests.swift in Sources */,
			);
			runOnlyForDeploymentPostprocessing = 0;
		};
		C33A993D20D168BF00B5CA88 /* Sources */ = {
			isa = PBXSourcesBuildPhase;
			buildActionMask = 2147483647;
			files = (
				C33A994620D168BF00B5CA88 /* encuestaUITests.swift in Sources */,
			);
			runOnlyForDeploymentPostprocessing = 0;
		};
/* End PBXSourcesBuildPhase section */

/* Begin PBXTargetDependency section */
		C33A993820D168BE00B5CA88 /* PBXTargetDependency */ = {
			isa = PBXTargetDependency;
			target = C33A992120D168BA00B5CA88 /* encuesta */;
			targetProxy = C33A993720D168BE00B5CA88 /* PBXContainerItemProxy */;
		};
		C33A994320D168BF00B5CA88 /* PBXTargetDependency */ = {
			isa = PBXTargetDependency;
			target = C33A992120D168BA00B5CA88 /* encuesta */;
			targetProxy = C33A994220D168BF00B5CA88 /* PBXContainerItemProxy */;
		};
/* End PBXTargetDependency section */

/* Begin PBXVariantGroup section */
		C33A992920D168BA00B5CA88 /* Main.storyboard */ = {
			isa = PBXVariantGroup;
			children = (
				C33A992A20D168BA00B5CA88 /* Base */,
			);
			name = Main.storyboard;
			sourceTree = "<group>";
		};
		C33A992E20D168BE00B5CA88 /* LaunchScreen.storyboard */ = {
			isa = PBXVariantGroup;
			children = (
				C33A992F20D168BE00B5CA88 /* Base */,
			);
			name = LaunchScreen.storyboard;
			sourceTree = "<group>";
		};
/* End PBXVariantGroup section */

/* Begin XCBuildConfiguration section */
		C33A994820D168BF00B5CA88 /* Debug */ = {
			isa = XCBuildConfiguration;
			buildSettings = {
				ALWAYS_SEARCH_USER_PATHS = NO;
				CLANG_ANALYZER_NONNULL = YES;
				CLANG_ANALYZER_NUMBER_OBJECT_CONVERSION = YES_AGGRESSIVE;
				CLANG_CXX_LANGUAGE_STANDARD = "gnu++14";
				CLANG_CXX_LIBRARY = "libc++";
				CLANG_ENABLE_MODULES = YES;
				CLANG_ENABLE_OBJC_ARC = YES;
				CLANG_ENABLE_OBJC_WEAK = YES;
				CLANG_WARN_BLOCK_CAPTURE_AUTORELEASING = YES;
				CLANG_WARN_BOOL_CONVERSION = YES;
				CLANG_WARN_COMMA = YES;
				CLANG_WARN_CONSTANT_CONVERSION = YES;
				CLANG_WARN_DEPRECATED_OBJC_IMPLEMENTATIONS = YES;
				CLANG_WARN_DIRECT_OBJC_ISA_USAGE = YES_ERROR;
				CLANG_WARN_DOCUMENTATION_COMMENTS = YES;
				CLANG_WARN_EMPTY_BODY = YES;
				CLANG_WARN_ENUM_CONVERSION = YES;
				CLANG_WARN_INFINITE_RECURSION = YES;
				CLANG_WARN_INT_CONVERSION = YES;
				CLANG_WARN_NON_LITERAL_NULL_CONVERSION = YES;
				CLANG_WARN_OBJC_IMPLICIT_RETAIN_SELF = YES;
				CLANG_WARN_OBJC_LITERAL_CONVERSION = YES;
				CLANG_WARN_OBJC_ROOT_CLASS = YES_ERROR;
				CLANG_WARN_RANGE_LOOP_ANALYSIS = YES;
				CLANG_WARN_STRICT_PROTOTYPES = YES;
				CLANG_WARN_SUSPICIOUS_MOVE = YES;
				CLANG_WARN_UNGUARDED_AVAILABILITY = YES_AGGRESSIVE;
				CLANG_WARN_UNREACHABLE_CODE = YES;
				CLANG_WARN__DUPLICATE_METHOD_MATCH = YES;
				CODE_SIGN_IDENTITY = "iPhone Developer";
				COPY_PHASE_STRIP = NO;
				DEBUG_INFORMATION_FORMAT = dwarf;
				ENABLE_STRICT_OBJC_MSGSEND = YES;
				ENABLE_TESTABILITY = YES;
				GCC_C_LANGUAGE_STANDARD = gnu11;
				GCC_DYNAMIC_NO_PIC = NO;
				GCC_NO_COMMON_BLOCKS = YES;
				GCC_OPTIMIZATION_LEVEL = 0;
				GCC_PREPROCESSOR_DEFINITIONS = (
					"DEBUG=1",
					"$(inherited)",
				);
				GCC_WARN_64_TO_32_BIT_CONVERSION = YES;
				GCC_WARN_ABOUT_RETURN_TYPE = YES_ERROR;
				GCC_WARN_UNDECLARED_SELECTOR = YES;
				GCC_WARN_UNINITIALIZED_AUTOS = YES_AGGRESSIVE;
				GCC_WARN_UNUSED_FUNCTION = YES;
				GCC_WARN_UNUSED_VARIABLE = YES;
				IPHONEOS_DEPLOYMENT_TARGET = 11.4;
				MTL_ENABLE_DEBUG_INFO = YES;
				ONLY_ACTIVE_ARCH = YES;
				SDKROOT = iphoneos;
				SWIFT_ACTIVE_COMPILATION_CONDITIONS = DEBUG;
				SWIFT_OPTIMIZATION_LEVEL = "-Onone";
			};
			name = Debug;
		};
		C33A994920D168BF00B5CA88 /* Release */ = {
			isa = XCBuildConfiguration;
			buildSettings = {
				ALWAYS_SEARCH_USER_PATHS = NO;
				CLANG_ANALYZER_NONNULL = YES;
				CLANG_ANALYZER_NUMBER_OBJECT_CONVERSION = YES_AGGRESSIVE;
				CLANG_CXX_LANGUAGE_STANDARD = "gnu++14";
				CLANG_CXX_LIBRARY = "libc++";
				CLANG_ENABLE_MODULES = YES;
				CLANG_ENABLE_OBJC_ARC = YES;
				CLANG_ENABLE_OBJC_WEAK = YES;
				CLANG_WARN_BLOCK_CAPTURE_AUTORELEASING = YES;
				CLANG_WARN_BOOL_CONVERSION = YES;
				CLANG_WARN_COMMA = YES;
				CLANG_WARN_CONSTANT_CONVERSION = YES;
				CLANG_WARN_DEPRECATED_OBJC_IMPLEMENTATIONS = YES;
				CLANG_WARN_DIRECT_OBJC_ISA_USAGE = YES_ERROR;
				CLANG_WARN_DOCUMENTATION_COMMENTS = YES;
				CLANG_WARN_EMPTY_BODY = YES;
				CLANG_WARN_ENUM_CONVERSION = YES;
				CLANG_WARN_INFINITE_RECURSION = YES;
				CLANG_WARN_INT_CONVERSION = YES;
				CLANG_WARN_NON_LITERAL_NULL_CONVERSION = YES;
				CLANG_WARN_OBJC_IMPLICIT_RETAIN_SELF = YES;
				CLANG_WARN_OBJC_LITERAL_CONVERSION = YES;
				CLANG_WARN_OBJC_ROOT_CLASS = YES_ERROR;
				CLANG_WARN_RANGE_LOOP_ANALYSIS = YES;
				CLANG_WARN_STRICT_PROTOTYPES = YES;
				CLANG_WARN_SUSPICIOUS_MOVE = YES;
				CLANG_WARN_UNGUARDED_AVAILABILITY = YES_AGGRESSIVE;
				CLANG_WARN_UNREACHABLE_CODE = YES;
				CLANG_WARN__DUPLICATE_METHOD_MATCH = YES;
				CODE_SIGN_IDENTITY = "iPhone Developer";
				COPY_PHASE_STRIP = NO;
				DEBUG_INFORMATION_FORMAT = "dwarf-with-dsym";
				ENABLE_NS_ASSERTIONS = NO;
				ENABLE_STRICT_OBJC_MSGSEND = YES;
				GCC_C_LANGUAGE_STANDARD = gnu11;
				GCC_NO_COMMON_BLOCKS = YES;
				GCC_WARN_64_TO_32_BIT_CONVERSION = YES;
				GCC_WARN_ABOUT_RETURN_TYPE = YES_ERROR;
				GCC_WARN_UNDECLARED_SELECTOR = YES;
				GCC_WARN_UNINITIALIZED_AUTOS = YES_AGGRESSIVE;
				GCC_WARN_UNUSED_FUNCTION = YES;
				GCC_WARN_UNUSED_VARIABLE = YES;
				IPHONEOS_DEPLOYMENT_TARGET = 11.4;
				MTL_ENABLE_DEBUG_INFO = NO;
				SDKROOT = iphoneos;
				SWIFT_COMPILATION_MODE = wholemodule;
				SWIFT_OPTIMIZATION_LEVEL = "-O";
				VALIDATE_PRODUCT = YES;
			};
			name = Release;
		};
		C33A994B20D168BF00B5CA88 /* Debug */ = {
			isa = XCBuildConfiguration;
			buildSettings = {
				ASSETCATALOG_COMPILER_APPICON_NAME = AppIcon;
				CODE_SIGN_STYLE = Automatic;
				DEVELOPMENT_TEAM = U5A54XUB2N;
				INFOPLIST_FILE = encuesta/Info.plist;
				LD_RUNPATH_SEARCH_PATHS = (
					"$(inherited)",
					"@executable_path/Frameworks",
				);
				PRODUCT_BUNDLE_IDENTIFIER = mobiCongress.encuesta;
				PRODUCT_NAME = "$(TARGET_NAME)";
				SWIFT_VERSION = 4.0;
				TARGETED_DEVICE_FAMILY = "1,2";
			};
			name = Debug;
		};
		C33A994C20D168BF00B5CA88 /* Release */ = {
			isa = XCBuildConfiguration;
			buildSettings = {
				ASSETCATALOG_COMPILER_APPICON_NAME = AppIcon;
				CODE_SIGN_STYLE = Automatic;
				DEVELOPMENT_TEAM = U5A54XUB2N;
				INFOPLIST_FILE = encuesta/Info.plist;
				LD_RUNPATH_SEARCH_PATHS = (
					"$(inherited)",
					"@executable_path/Frameworks",
				);
				PRODUCT_BUNDLE_IDENTIFIER = mobiCongress.encuesta;
				PRODUCT_NAME = "$(TARGET_NAME)";
				SWIFT_VERSION = 4.0;
				TARGETED_DEVICE_FAMILY = "1,2";
			};
			name = Release;
		};
		C33A994E20D168BF00B5CA88 /* Debug */ = {
			isa = XCBuildConfiguration;
			buildSettings = {
				ALWAYS_EMBED_SWIFT_STANDARD_LIBRARIES = YES;
				BUNDLE_LOADER = "$(TEST_HOST)";
				CODE_SIGN_STYLE = Automatic;
				DEVELOPMENT_TEAM = U5A54XUB2N;
				INFOPLIST_FILE = encuestaTests/Info.plist;
				LD_RUNPATH_SEARCH_PATHS = (
					"$(inherited)",
					"@executable_path/Frameworks",
					"@loader_path/Frameworks",
				);
				PRODUCT_BUNDLE_IDENTIFIER = mobiCongress.encuestaTests;
				PRODUCT_NAME = "$(TARGET_NAME)";
				SWIFT_VERSION = 4.0;
				TARGETED_DEVICE_FAMILY = "1,2";
				TEST_HOST = "$(BUILT_PRODUCTS_DIR)/encuesta.app/encuesta";
			};
			name = Debug;
		};
		C33A994F20D168BF00B5CA88 /* Release */ = {
			isa = XCBuildConfiguration;
			buildSettings = {
				ALWAYS_EMBED_SWIFT_STANDARD_LIBRARIES = YES;
				BUNDLE_LOADER = "$(TEST_HOST)";
				CODE_SIGN_STYLE = Automatic;
				DEVELOPMENT_TEAM = U5A54XUB2N;
				INFOPLIST_FILE = encuestaTests/Info.plist;
				LD_RUNPATH_SEARCH_PATHS = (
					"$(inherited)",
					"@executable_path/Frameworks",
					"@loader_path/Frameworks",
				);
				PRODUCT_BUNDLE_IDENTIFIER = mobiCongress.encuestaTests;
				PRODUCT_NAME = "$(TARGET_NAME)";
				SWIFT_VERSION = 4.0;
				TARGETED_DEVICE_FAMILY = "1,2";
				TEST_HOST = "$(BUILT_PRODUCTS_DIR)/encuesta.app/encuesta";
			};
			name = Release;
		};
		C33A995120D168BF00B5CA88 /* Debug */ = {
			isa = XCBuildConfiguration;
			buildSettings = {
				ALWAYS_EMBED_SWIFT_STANDARD_LIBRARIES = YES;
				CODE_SIGN_STYLE = Automatic;
				DEVELOPMENT_TEAM = U5A54XUB2N;
				INFOPLIST_FILE = encuestaUITests/Info.plist;
				LD_RUNPATH_SEARCH_PATHS = (
					"$(inherited)",
					"@executable_path/Frameworks",
					"@loader_path/Frameworks",
				);
				PRODUCT_BUNDLE_IDENTIFIER = mobiCongress.encuestaUITests;
				PRODUCT_NAME = "$(TARGET_NAME)";
				SWIFT_VERSION = 4.0;
				TARGETED_DEVICE_FAMILY = "1,2";
				TEST_TARGET_NAME = encuesta;
			};
			name = Debug;
		};
		C33A995220D168BF00B5CA88 /* Release */ = {
			isa = XCBuildConfiguration;
			buildSettings = {
				ALWAYS_EMBED_SWIFT_STANDARD_LIBRARIES = YES;
				CODE_SIGN_STYLE = Automatic;
				DEVELOPMENT_TEAM = U5A54XUB2N;
				INFOPLIST_FILE = encuestaUITests/Info.plist;
				LD_RUNPATH_SEARCH_PATHS = (
					"$(inherited)",
					"@executable_path/Frameworks",
					"@loader_path/Frameworks",
				);
				PRODUCT_BUNDLE_IDENTIFIER = mobiCongress.encuestaUITests;
				PRODUCT_NAME = "$(TARGET_NAME)";
				SWIFT_VERSION = 4.0;
				TARGETED_DEVICE_FAMILY = "1,2";
				TEST_TARGET_NAME = encuesta;
			};
			name = Release;
		};
/* End XCBuildConfiguration section */

/* Begin XCConfigurationList section */
		C33A991D20D168BA00B5CA88 /* Build configuration list for PBXProject "encuesta" */ = {
			isa = XCConfigurationList;
			buildConfigurations = (
				C33A994820D168BF00B5CA88 /* Debug */,
				C33A994920D168BF00B5CA88 /* Release */,
			);
			defaultConfigurationIsVisible = 0;
			defaultConfigurationName = Release;
		};
		C33A994A20D168BF00B5CA88 /* Build configuration list for PBXNativeTarget "encuesta" */ = {
			isa = XCConfigurationList;
			buildConfigurations = (
				C33A994B20D168BF00B5CA88 /* Debug */,
				C33A994C20D168BF00B5CA88 /* Release */,
			);
			defaultConfigurationIsVisible = 0;
			defaultConfigurationName = Release;
		};
		C33A994D20D168BF00B5CA88 /* Build configuration list for PBXNativeTarget "encuestaTests" */ = {
			isa = XCConfigurationList;
			buildConfigurations = (
				C33A994E20D168BF00B5CA88 /* Debug */,
				C33A994F20D168BF00B5CA88 /* Release */,
			);
			defaultConfigurationIsVisible = 0;
			defaultConfigurationName = Release;
		};
		C33A995020D168BF00B5CA88 /* Build configuration list for PBXNativeTarget "encuestaUITests" */ = {
			isa = XCConfigurationList;
			buildConfigurations = (
				C33A995120D168BF00B5CA88 /* Debug */,
				C33A995220D168BF00B5CA88 /* Release */,
			);
			defaultConfigurationIsVisible = 0;
			defaultConfigurationName = Release;
		};
/* End XCConfigurationList section */
	};
	rootObject = C33A991A20D168BA00B5CA88 /* Project object */;
}
